
Microsoft Visual Studio Solution File, Format Version 12.00
# Visual Studio 15
VisualStudioVersion = 15.0.28307.572
MinimumVisualStudioVersion = 10.0.40219.1
Project("{9A19103F-16F7-4668-BE54-9A1E7A4F7556}") = "LastBastion", "LastBastion\LastBastion.csproj", "{703DE448-4DDC-47E3-B636-2F731ED05063}"
EndProject
Project("{9A19103F-16F7-4668-BE54-9A1E7A4F7556}") = "Interface", "Interface\Interface.csproj", "{90B83CAE-63B5-448D-BF2E-9F334F8B01D2}"
EndProject
Global
	GlobalSection(SolutionConfigurationPlatforms) = preSolution
		Debug|Any CPU = Debug|Any CPU
		Release|Any CPU = Release|Any CPU
	EndGlobalSection
	GlobalSection(ProjectConfigurationPlatforms) = postSolution
		{703DE448-4DDC-47E3-B636-2F731ED05063}.Debug|Any CPU.ActiveCfg = Debug|Any CPU
		{703DE448-4DDC-47E3-B636-2F731ED05063}.Debug|Any CPU.Build.0 = Debug|Any CPU
		{703DE448-4DDC-47E3-B636-2F731ED05063}.Release|Any CPU.ActiveCfg = Release|Any CPU
		{703DE448-4DDC-47E3-B636-2F731ED05063}.Release|Any CPU.Build.0 = Release|Any CPU
		{90B83CAE-63B5-448D-BF2E-9F334F8B01D2}.Debug|Any CPU.ActiveCfg = Debug|Any CPU
		{90B83CAE-63B5-448D-BF2E-9F334F8B01D2}.Debug|Any CPU.Build.0 = Debug|Any CPU
		{90B83CAE-63B5-448D-BF2E-9F334F8B01D2}.Release|Any CPU.ActiveCfg = Release|Any CPU
		{90B83CAE-63B5-448D-BF2E-9F334F8B01D2}.Release|Any CPU.Build.0 = Release|Any CPU
	EndGlobalSection
	GlobalSection(SolutionProperties) = preSolution
		HideSolutionNode = FALSE
	EndGlobalSection
	GlobalSection(ExtensibilityGlobals) = postSolution
		SolutionGuid = {C25CEF4B-9B16-43AE-9181-FAC6D65D8BEC}
	EndGlobalSection
EndGlobal
