
Microsoft Visual Studio Solution File, Format Version 12.00
# Visual Studio 15
VisualStudioVersion = 15.0.28307.539
MinimumVisualStudioVersion = 10.0.40219.1
Project("{FAE04EC0-301F-11D3-BF4B-00C04F79EFBC}") = "LastBastion.UI", "LastBastion.UI\LastBastion.UI.csproj", "{9AA5D982-BDBE-4794-822E-B578B6F7E3F8}"
EndProject
Project("{FAE04EC0-301F-11D3-BF4B-00C04F79EFBC}") = "LastBastion.Model", "LastBastion.Model\LastBastion.Model.csproj", "{32397693-69A4-4B98-9933-FBCF472D7639}"
EndProject
Global
	GlobalSection(SolutionConfigurationPlatforms) = preSolution
		Debug|Any CPU = Debug|Any CPU
		Release|Any CPU = Release|Any CPU
	EndGlobalSection
	GlobalSection(ProjectConfigurationPlatforms) = postSolution
		{9AA5D982-BDBE-4794-822E-B578B6F7E3F8}.Debug|Any CPU.ActiveCfg = Debug|Any CPU
		{9AA5D982-BDBE-4794-822E-B578B6F7E3F8}.Debug|Any CPU.Build.0 = Debug|Any CPU
		{9AA5D982-BDBE-4794-822E-B578B6F7E3F8}.Release|Any CPU.ActiveCfg = Release|Any CPU
		{9AA5D982-BDBE-4794-822E-B578B6F7E3F8}.Release|Any CPU.Build.0 = Release|Any CPU
		{32397693-69A4-4B98-9933-FBCF472D7639}.Debug|Any CPU.ActiveCfg = Debug|Any CPU
		{32397693-69A4-4B98-9933-FBCF472D7639}.Debug|Any CPU.Build.0 = Debug|Any CPU
		{32397693-69A4-4B98-9933-FBCF472D7639}.Release|Any CPU.ActiveCfg = Release|Any CPU
		{32397693-69A4-4B98-9933-FBCF472D7639}.Release|Any CPU.Build.0 = Release|Any CPU
	EndGlobalSection
	GlobalSection(SolutionProperties) = preSolution
		HideSolutionNode = FALSE
	EndGlobalSection
	GlobalSection(ExtensibilityGlobals) = postSolution
		SolutionGuid = {DF95E1F5-2F36-46E8-B0DB-269B6B199D5E}
	EndGlobalSection
EndGlobal
